
Microsoft Visual Studio Solution File, Format Version 12.00
# Visual Studio Version 17
VisualStudioVersion = 17.0.31903.59
MinimumVisualStudioVersion = 10.0.40219.1
Project("{FAE04EC0-301F-11D3-BF4B-00C04F79EFBC}") = "File.TestLogger", "src\File.TestLogger\File.TestLogger.csproj", "{8573AED0-F70F-4D35-80EC-F77AE7540227}"
EndProject
Project("{2150E333-8FDC-42A3-9474-1A3956D46DE8}") = "Solution Items", "Solution Items", "{401AB9B2-F647-42D3-9BB4-127D20967178}"
	ProjectSection(SolutionItems) = preProject
		.gitignore = .gitignore
		Directory.Build.props = Directory.Build.props
		Directory.Build.rsp = Directory.Build.rsp
		Directory.Build.targets = Directory.Build.targets
		Directory.Packages.props = Directory.Packages.props
		LICENSE = LICENSE
		NuGet.config = NuGet.config
	EndProjectSection
EndProject
Global
	GlobalSection(SolutionConfigurationPlatforms) = preSolution
		Debug|Any CPU = Debug|Any CPU
		Release|Any CPU = Release|Any CPU
	EndGlobalSection
	GlobalSection(ProjectConfigurationPlatforms) = postSolution
		{8573AED0-F70F-4D35-80EC-F77AE7540227}.Debug|Any CPU.ActiveCfg = Debug|Any CPU
		{8573AED0-F70F-4D35-80EC-F77AE7540227}.Debug|Any CPU.Build.0 = Debug|Any CPU
		{8573AED0-F70F-4D35-80EC-F77AE7540227}.Release|Any CPU.ActiveCfg = Release|Any CPU
		{8573AED0-F70F-4D35-80EC-F77AE7540227}.Release|Any CPU.Build.0 = Release|Any CPU
	EndGlobalSection
	GlobalSection(SolutionProperties) = preSolution
		HideSolutionNode = FALSE
	EndGlobalSection
EndGlobal
